
Microsoft Visual Studio Solution File, Format Version 12.00
# Visual Studio Version 17
VisualStudioVersion = 17.3.32922.545
MinimumVisualStudioVersion = 10.0.40219.1
Project("{9A19103F-16F7-4668-BE54-9A1E7A4F7556}") = "AspNetCoreIdentityApp.Web", "AspNetCoreIdentityApp.Web\AspNetCoreIdentityApp.Web.csproj", "{25134C8A-7356-4BAD-936B-DAD6474F8666}"
EndProject
Project("{FAE04EC0-301F-11D3-BF4B-00C04F79EFBC}") = "AspNetCoreIdentityApp.Core", "AspNetCoreIdentityApp.Core\AspNetCoreIdentityApp.Core.csproj", "{0D7DE33F-4374-43B7-861B-D21EA9526D1B}"
EndProject
Project("{FAE04EC0-301F-11D3-BF4B-00C04F79EFBC}") = "AspNetCoreIdentityApp.Repository", "AspNetCoreIdentityApp.Repository\AspNetCoreIdentityApp.Repository.csproj", "{77F0FAC0-4970-4F4C-81BA-3C48AD8E824D}"
EndProject
Project("{FAE04EC0-301F-11D3-BF4B-00C04F79EFBC}") = "AspNetCoreIdentityApp.Service", "AspNetCoreIdentityApp.Service\AspNetCoreIdentityApp.Service.csproj", "{FE06C3A7-FFE6-4BDF-ABEA-FEAB6A743686}"
EndProject
Global
	GlobalSection(SolutionConfigurationPlatforms) = preSolution
		Debug|Any CPU = Debug|Any CPU
		Release|Any CPU = Release|Any CPU
	EndGlobalSection
	GlobalSection(ProjectConfigurationPlatforms) = postSolution
		{25134C8A-7356-4BAD-936B-DAD6474F8666}.Debug|Any CPU.ActiveCfg = Debug|Any CPU
		{25134C8A-7356-4BAD-936B-DAD6474F8666}.Debug|Any CPU.Build.0 = Debug|Any CPU
		{25134C8A-7356-4BAD-936B-DAD6474F8666}.Release|Any CPU.ActiveCfg = Release|Any CPU
		{25134C8A-7356-4BAD-936B-DAD6474F8666}.Release|Any CPU.Build.0 = Release|Any CPU
		{0D7DE33F-4374-43B7-861B-D21EA9526D1B}.Debug|Any CPU.ActiveCfg = Debug|Any CPU
		{0D7DE33F-4374-43B7-861B-D21EA9526D1B}.Debug|Any CPU.Build.0 = Debug|Any CPU
		{0D7DE33F-4374-43B7-861B-D21EA9526D1B}.Release|Any CPU.ActiveCfg = Release|Any CPU
		{0D7DE33F-4374-43B7-861B-D21EA9526D1B}.Release|Any CPU.Build.0 = Release|Any CPU
		{77F0FAC0-4970-4F4C-81BA-3C48AD8E824D}.Debug|Any CPU.ActiveCfg = Debug|Any CPU
		{77F0FAC0-4970-4F4C-81BA-3C48AD8E824D}.Debug|Any CPU.Build.0 = Debug|Any CPU
		{77F0FAC0-4970-4F4C-81BA-3C48AD8E824D}.Release|Any CPU.ActiveCfg = Release|Any CPU
		{77F0FAC0-4970-4F4C-81BA-3C48AD8E824D}.Release|Any CPU.Build.0 = Release|Any CPU
		{FE06C3A7-FFE6-4BDF-ABEA-FEAB6A743686}.Debug|Any CPU.ActiveCfg = Debug|Any CPU
		{FE06C3A7-FFE6-4BDF-ABEA-FEAB6A743686}.Debug|Any CPU.Build.0 = Debug|Any CPU
		{FE06C3A7-FFE6-4BDF-ABEA-FEAB6A743686}.Release|Any CPU.ActiveCfg = Release|Any CPU
		{FE06C3A7-FFE6-4BDF-ABEA-FEAB6A743686}.Release|Any CPU.Build.0 = Release|Any CPU
	EndGlobalSection
	GlobalSection(SolutionProperties) = preSolution
		HideSolutionNode = FALSE
	EndGlobalSection
	GlobalSection(ExtensibilityGlobals) = postSolution
		SolutionGuid = {E28D1736-BD33-4E0A-8727-8BE6890A56B7}
	EndGlobalSection
EndGlobal
